
Microsoft Visual Studio Solution File, Format Version 12.00
# Visual Studio Version 17
VisualStudioVersion = 17.0.31903.59
MinimumVisualStudioVersion = 10.0.40219.1
Project("{FAE04EC0-301F-11D3-BF4B-00C04F79EFBC}") = "FileCrypt", "FileCrypt\FileCrypt.csproj", "{6C03746D-AB04-452D-9E88-F54102FFFABA}"
EndProject
Global
	GlobalSection(SolutionConfigurationPlatforms) = preSolution
		Debug|Any CPU = Debug|Any CPU
		Release|Any CPU = Release|Any CPU
	EndGlobalSection
	GlobalSection(ProjectConfigurationPlatforms) = postSolution
		{6C03746D-AB04-452D-9E88-F54102FFFABA}.Debug|Any CPU.ActiveCfg = Debug|Any CPU
		{6C03746D-AB04-452D-9E88-F54102FFFABA}.Debug|Any CPU.Build.0 = Debug|Any CPU
		{6C03746D-AB04-452D-9E88-F54102FFFABA}.Release|Any CPU.ActiveCfg = Release|Any CPU
		{6C03746D-AB04-452D-9E88-F54102FFFABA}.Release|Any CPU.Build.0 = Release|Any CPU
	EndGlobalSection
	GlobalSection(SolutionProperties) = preSolution
		HideSolutionNode = FALSE
	EndGlobalSection
	GlobalSection(ExtensibilityGlobals) = postSolution
		SolutionGuid = {F23DBFF5-55BC-4C74-A83A-674FEED1185D}
	EndGlobalSection
EndGlobal
